
Microsoft Visual Studio Solution File, Format Version 12.00
# Visual Studio 15
Project("{FAE04EC0-301F-11D3-BF4B-00C04F79EFBC}") = "Assembly-CSharp", "Assembly-CSharp.csproj", "{2265B456-DA88-17EF-CBE6-E10D7BA3EE34}"
EndProject
Project("{FAE04EC0-301F-11D3-BF4B-00C04F79EFBC}") = "Assembly-CSharp-Editor", "Assembly-CSharp-Editor.csproj", "{FDF808A4-CFCE-8049-BC60-A018CD4DB40B}"
EndProject
Global
	GlobalSection(SolutionConfigurationPlatforms) = preSolution
		Debug|Any CPU = Debug|Any CPU
		Release|Any CPU = Release|Any CPU
	EndGlobalSection
	GlobalSection(ProjectConfigurationPlatforms) = postSolution
		{2265B456-DA88-17EF-CBE6-E10D7BA3EE34}.Debug|Any CPU.ActiveCfg = Debug|Any CPU
		{2265B456-DA88-17EF-CBE6-E10D7BA3EE34}.Debug|Any CPU.Build.0 = Debug|Any CPU
		{2265B456-DA88-17EF-CBE6-E10D7BA3EE34}.Release|Any CPU.ActiveCfg = Release|Any CPU
		{2265B456-DA88-17EF-CBE6-E10D7BA3EE34}.Release|Any CPU.Build.0 = Release|Any CPU
		{FDF808A4-CFCE-8049-BC60-A018CD4DB40B}.Debug|Any CPU.ActiveCfg = Debug|Any CPU
		{FDF808A4-CFCE-8049-BC60-A018CD4DB40B}.Debug|Any CPU.Build.0 = Debug|Any CPU
		{FDF808A4-CFCE-8049-BC60-A018CD4DB40B}.Release|Any CPU.ActiveCfg = Release|Any CPU
		{FDF808A4-CFCE-8049-BC60-A018CD4DB40B}.Release|Any CPU.Build.0 = Release|Any CPU
	EndGlobalSection
	GlobalSection(SolutionProperties) = preSolution
		HideSolutionNode = FALSE
	EndGlobalSection
EndGlobal
